<Solution>
  <Folder Name="/samples/">
    <Project Path="samples\Pico.CFG.Sample\Pico.Cfg.Sample.csproj" Type="Classic C#" />
  </Folder>
  <Folder Name="/src/">
    <Project Path="src\Pico.Cfg.Abs\Pico.Cfg.Abs.csproj" Type="Classic C#" />
    <Project Path="src\Pico.Cfg\Pico.Cfg.csproj" Type="Classic C#" />
  </Folder>
  <Folder Name="/tests/" />
</Solution>